lockfileVersion: '9.0'

settings:
  autoInstallPeers: true
  excludeLinksFromLockfile: false

importers:

  .:
    dependencies:
      pnpm:
        specifier: ^10.20.0
        version: 10.21.0
    devDependencies:
      prettier:
        specifier: ^3.2.4
        version: 3.6.2

packages:

  pnpm@10.21.0:
    resolution: {integrity: sha512-2jM3Jn5AD909R5psaAeaxtsB2MpPZ1cgg+cid1p5Z4inqZVmE3SeAA+sINQktZT3p5Gl9OLhNYHF75R/JpaKQA==}
    engines: {node: '>=18.12'}
    hasBin: true

  prettier@3.6.2:
    resolution: {integrity: sha512-I7AIg5boAr5R0FFtJ6rCfD+LFsWHp81dolrFD8S79U9tb8Az2nGrJncnMSnys+bpQJfRUzqs9hnA81OAA3hCuQ==}
    engines: {node: '>=14'}
    hasBin: true

snapshots:

  pnpm@10.21.0: {}

  prettier@3.6.2: {}
